
Microsoft Visual Studio Solution File, Format Version 12.00
# Visual Studio Version 17
VisualStudioVersion = 17.0.31903.59
MinimumVisualStudioVersion = 10.0.40219.1
Project("{2150E333-8FDC-42A3-9474-1A3956D46DE8}") = "Services", "Services", "{3E6D2276-9A83-4442-B80A-9DA98C069DCB}"
EndProject
Project("{E53339B2-1760-4266-BCC7-CA923CBCF16C}") = "docker-compose", "docker-compose.dcproj", "{A0F1EBB5-FC88-4F68-8DEF-B4027FA593ED}"
EndProject
Project("{2150E333-8FDC-42A3-9474-1A3956D46DE8}") = "Tests", "Tests", "{2E92593F-9D37-4FDA-8FE7-31FE161C4739}"
EndProject
Project("{2150E333-8FDC-42A3-9474-1A3956D46DE8}") = "Catalog", "Catalog", "{4ECD1186-2CAB-4A4A-947D-53CD5BA0BFE7}"
EndProject
Project("{FAE04EC0-301F-11D3-BF4B-00C04F79EFBC}") = "Catalog.API.Tests", "Tests\Catalog.API.Tests\Catalog.API.Tests.csproj", "{95107B71-0528-4C05-8C9D-B9C18D07A3E8}"
EndProject
Project("{FAE04EC0-301F-11D3-BF4B-00C04F79EFBC}") = "Catalog.API", "Services\Catalog.API\Catalog.API.csproj", "{777AD5EA-EA71-4711-8E6C-A1C91F9EC0A9}"
EndProject
Project("{FAE04EC0-301F-11D3-BF4B-00C04F79EFBC}") = "Basket.API", "Services\Basket.API\Basket.API.csproj", "{1A41E3A1-4500-4254-8E2B-493D53FBA85C}"
EndProject
Project("{2150E333-8FDC-42A3-9474-1A3956D46DE8}") = "Basket", "Basket", "{D7088261-2EDE-461A-ABBE-B60B8F6D8F16}"
EndProject
Project("{FAE04EC0-301F-11D3-BF4B-00C04F79EFBC}") = "Basket.API.Tests", "Tests\Basket.API.Tests\Basket.API.Tests.csproj", "{A379E093-3A83-474E-B1AD-9E5E301B6876}"
EndProject
Project("{FAE04EC0-301F-11D3-BF4B-00C04F79EFBC}") = "Discount.API", "Services\Discount.API\Discount.API.csproj", "{3FFCB060-AFA1-42CE-9B87-EA93EAAAD486}"
EndProject
Project("{2150E333-8FDC-42A3-9474-1A3956D46DE8}") = "Discount", "Discount", "{C05EE5BA-27B6-414E-A2F5-C87B48DBF719}"
EndProject
Project("{FAE04EC0-301F-11D3-BF4B-00C04F79EFBC}") = "Discount.API.Tests", "Tests\Discount.API.Tests\Discount.API.Tests.csproj", "{DF1C4584-653A-4037-B27D-E71BD0E96491}"
EndProject
Project("{FAE04EC0-301F-11D3-BF4B-00C04F79EFBC}") = "Base.Tests", "Tests\Base.Tests\Base.Tests.csproj", "{00F99BB5-CC5A-439D-B4C7-F072E351FFED}"
EndProject
Project("{FAE04EC0-301F-11D3-BF4B-00C04F79EFBC}") = "Discount.gRPC", "Services\Discount.gRPC\Discount.gRPC.csproj", "{AFB3FC58-6F78-473A-AEE7-F8223420E93A}"
EndProject
Project("{FAE04EC0-301F-11D3-BF4B-00C04F79EFBC}") = "Ordering.API", "Services\Ordering.API\Ordering.API.csproj", "{94FC3932-82F8-410A-9C80-3A574E9F2044}"
EndProject
Global
	GlobalSection(SolutionConfigurationPlatforms) = preSolution
		Debug|Any CPU = Debug|Any CPU
		Release|Any CPU = Release|Any CPU
	EndGlobalSection
	GlobalSection(ProjectConfigurationPlatforms) = postSolution
		{A0F1EBB5-FC88-4F68-8DEF-B4027FA593ED}.Debug|Any CPU.ActiveCfg = Debug|Any CPU
		{A0F1EBB5-FC88-4F68-8DEF-B4027FA593ED}.Debug|Any CPU.Build.0 = Debug|Any CPU
		{A0F1EBB5-FC88-4F68-8DEF-B4027FA593ED}.Release|Any CPU.ActiveCfg = Release|Any CPU
		{A0F1EBB5-FC88-4F68-8DEF-B4027FA593ED}.Release|Any CPU.Build.0 = Release|Any CPU
		{95107B71-0528-4C05-8C9D-B9C18D07A3E8}.Debug|Any CPU.ActiveCfg = Debug|Any CPU
		{95107B71-0528-4C05-8C9D-B9C18D07A3E8}.Debug|Any CPU.Build.0 = Debug|Any CPU
		{95107B71-0528-4C05-8C9D-B9C18D07A3E8}.Release|Any CPU.ActiveCfg = Release|Any CPU
		{95107B71-0528-4C05-8C9D-B9C18D07A3E8}.Release|Any CPU.Build.0 = Release|Any CPU
		{777AD5EA-EA71-4711-8E6C-A1C91F9EC0A9}.Debug|Any CPU.ActiveCfg = Debug|Any CPU
		{777AD5EA-EA71-4711-8E6C-A1C91F9EC0A9}.Debug|Any CPU.Build.0 = Debug|Any CPU
		{777AD5EA-EA71-4711-8E6C-A1C91F9EC0A9}.Release|Any CPU.ActiveCfg = Release|Any CPU
		{777AD5EA-EA71-4711-8E6C-A1C91F9EC0A9}.Release|Any CPU.Build.0 = Release|Any CPU
		{1A41E3A1-4500-4254-8E2B-493D53FBA85C}.Debug|Any CPU.ActiveCfg = Debug|Any CPU
		{1A41E3A1-4500-4254-8E2B-493D53FBA85C}.Debug|Any CPU.Build.0 = Debug|Any CPU
		{1A41E3A1-4500-4254-8E2B-493D53FBA85C}.Release|Any CPU.ActiveCfg = Release|Any CPU
		{1A41E3A1-4500-4254-8E2B-493D53FBA85C}.Release|Any CPU.Build.0 = Release|Any CPU
		{A379E093-3A83-474E-B1AD-9E5E301B6876}.Debug|Any CPU.ActiveCfg = Debug|Any CPU
		{A379E093-3A83-474E-B1AD-9E5E301B6876}.Debug|Any CPU.Build.0 = Debug|Any CPU
		{A379E093-3A83-474E-B1AD-9E5E301B6876}.Release|Any CPU.ActiveCfg = Release|Any CPU
		{A379E093-3A83-474E-B1AD-9E5E301B6876}.Release|Any CPU.Build.0 = Release|Any CPU
		{3FFCB060-AFA1-42CE-9B87-EA93EAAAD486}.Debug|Any CPU.ActiveCfg = Debug|Any CPU
		{3FFCB060-AFA1-42CE-9B87-EA93EAAAD486}.Debug|Any CPU.Build.0 = Debug|Any CPU
		{3FFCB060-AFA1-42CE-9B87-EA93EAAAD486}.Release|Any CPU.ActiveCfg = Release|Any CPU
		{3FFCB060-AFA1-42CE-9B87-EA93EAAAD486}.Release|Any CPU.Build.0 = Release|Any CPU
		{DF1C4584-653A-4037-B27D-E71BD0E96491}.Debug|Any CPU.ActiveCfg = Debug|Any CPU
		{DF1C4584-653A-4037-B27D-E71BD0E96491}.Debug|Any CPU.Build.0 = Debug|Any CPU
		{DF1C4584-653A-4037-B27D-E71BD0E96491}.Release|Any CPU.ActiveCfg = Release|Any CPU
		{DF1C4584-653A-4037-B27D-E71BD0E96491}.Release|Any CPU.Build.0 = Release|Any CPU
		{00F99BB5-CC5A-439D-B4C7-F072E351FFED}.Debug|Any CPU.ActiveCfg = Debug|Any CPU
		{00F99BB5-CC5A-439D-B4C7-F072E351FFED}.Debug|Any CPU.Build.0 = Debug|Any CPU
		{00F99BB5-CC5A-439D-B4C7-F072E351FFED}.Release|Any CPU.ActiveCfg = Release|Any CPU
		{00F99BB5-CC5A-439D-B4C7-F072E351FFED}.Release|Any CPU.Build.0 = Release|Any CPU
		{AFB3FC58-6F78-473A-AEE7-F8223420E93A}.Debug|Any CPU.ActiveCfg = Debug|Any CPU
		{AFB3FC58-6F78-473A-AEE7-F8223420E93A}.Debug|Any CPU.Build.0 = Debug|Any CPU
		{AFB3FC58-6F78-473A-AEE7-F8223420E93A}.Release|Any CPU.ActiveCfg = Release|Any CPU
		{AFB3FC58-6F78-473A-AEE7-F8223420E93A}.Release|Any CPU.Build.0 = Release|Any CPU
		{94FC3932-82F8-410A-9C80-3A574E9F2044}.Debug|Any CPU.ActiveCfg = Debug|Any CPU
		{94FC3932-82F8-410A-9C80-3A574E9F2044}.Debug|Any CPU.Build.0 = Debug|Any CPU
		{94FC3932-82F8-410A-9C80-3A574E9F2044}.Release|Any CPU.ActiveCfg = Release|Any CPU
		{94FC3932-82F8-410A-9C80-3A574E9F2044}.Release|Any CPU.Build.0 = Release|Any CPU
	EndGlobalSection
	GlobalSection(SolutionProperties) = preSolution
		HideSolutionNode = FALSE
	EndGlobalSection
	GlobalSection(NestedProjects) = preSolution
		{4ECD1186-2CAB-4A4A-947D-53CD5BA0BFE7} = {2E92593F-9D37-4FDA-8FE7-31FE161C4739}
		{95107B71-0528-4C05-8C9D-B9C18D07A3E8} = {4ECD1186-2CAB-4A4A-947D-53CD5BA0BFE7}
		{777AD5EA-EA71-4711-8E6C-A1C91F9EC0A9} = {3E6D2276-9A83-4442-B80A-9DA98C069DCB}
		{1A41E3A1-4500-4254-8E2B-493D53FBA85C} = {3E6D2276-9A83-4442-B80A-9DA98C069DCB}
		{D7088261-2EDE-461A-ABBE-B60B8F6D8F16} = {2E92593F-9D37-4FDA-8FE7-31FE161C4739}
		{A379E093-3A83-474E-B1AD-9E5E301B6876} = {D7088261-2EDE-461A-ABBE-B60B8F6D8F16}
		{3FFCB060-AFA1-42CE-9B87-EA93EAAAD486} = {3E6D2276-9A83-4442-B80A-9DA98C069DCB}
		{C05EE5BA-27B6-414E-A2F5-C87B48DBF719} = {2E92593F-9D37-4FDA-8FE7-31FE161C4739}
		{DF1C4584-653A-4037-B27D-E71BD0E96491} = {C05EE5BA-27B6-414E-A2F5-C87B48DBF719}
		{00F99BB5-CC5A-439D-B4C7-F072E351FFED} = {2E92593F-9D37-4FDA-8FE7-31FE161C4739}
		{AFB3FC58-6F78-473A-AEE7-F8223420E93A} = {3E6D2276-9A83-4442-B80A-9DA98C069DCB}
		{94FC3932-82F8-410A-9C80-3A574E9F2044} = {3E6D2276-9A83-4442-B80A-9DA98C069DCB}
	EndGlobalSection
	GlobalSection(ExtensibilityGlobals) = postSolution
		SolutionGuid = {B211FAB8-8648-47BD-9AE3-E2362F620372}
	EndGlobalSection
EndGlobal
