
Microsoft Visual Studio Solution File, Format Version 12.00
# Visual Studio Version 17
VisualStudioVersion = 17.0.31903.59
MinimumVisualStudioVersion = 10.0.40219.1
Project("{2150E333-8FDC-42A3-9474-1A3956D46DE8}") = "Services", "Services", "{3E6D2276-9A83-4442-B80A-9DA98C069DCB}"
EndProject
Project("{E53339B2-1760-4266-BCC7-CA923CBCF16C}") = "docker-compose", "docker-compose.dcproj", "{A0F1EBB5-FC88-4F68-8DEF-B4027FA593ED}"
EndProject
Project("{2150E333-8FDC-42A3-9474-1A3956D46DE8}") = "Tests", "Tests", "{2E92593F-9D37-4FDA-8FE7-31FE161C4739}"
EndProject
Project("{2150E333-8FDC-42A3-9474-1A3956D46DE8}") = "Catalog", "Catalog", "{4ECD1186-2CAB-4A4A-947D-53CD5BA0BFE7}"
EndProject
Project("{FAE04EC0-301F-11D3-BF4B-00C04F79EFBC}") = "Catalog.API.Tests", "Tests\Catalog.API.Tests\Catalog.API.Tests.csproj", "{95107B71-0528-4C05-8C9D-B9C18D07A3E8}"
EndProject
Project("{FAE04EC0-301F-11D3-BF4B-00C04F79EFBC}") = "Catalog.API", "Services\Catalog.API\Catalog.API.csproj", "{777AD5EA-EA71-4711-8E6C-A1C91F9EC0A9}"
EndProject
Project("{FAE04EC0-301F-11D3-BF4B-00C04F79EFBC}") = "Basket.API", "Services\Basket.API\Basket.API.csproj", "{1A41E3A1-4500-4254-8E2B-493D53FBA85C}"
EndProject
Project("{2150E333-8FDC-42A3-9474-1A3956D46DE8}") = "Basket", "Basket", "{D7088261-2EDE-461A-ABBE-B60B8F6D8F16}"
EndProject
Project("{FAE04EC0-301F-11D3-BF4B-00C04F79EFBC}") = "Basket.API.Tests", "Tests\Basket.API.Tests\Basket.API.Tests.csproj", "{A379E093-3A83-474E-B1AD-9E5E301B6876}"
EndProject
Project("{FAE04EC0-301F-11D3-BF4B-00C04F79EFBC}") = "Discount.API", "Services\Discount.API\Discount.API.csproj", "{3FFCB060-AFA1-42CE-9B87-EA93EAAAD486}"
EndProject
Project("{2150E333-8FDC-42A3-9474-1A3956D46DE8}") = "Discount", "Discount", "{C05EE5BA-27B6-414E-A2F5-C87B48DBF719}"
EndProject
Project("{FAE04EC0-301F-11D3-BF4B-00C04F79EFBC}") = "Discount.API.Tests", "Tests\Discount.API.Tests\Discount.API.Tests.csproj", "{DF1C4584-653A-4037-B27D-E71BD0E96491}"
EndProject
Project("{FAE04EC0-301F-11D3-BF4B-00C04F79EFBC}") = "Base.Tests", "Tests\Base.Tests\Base.Tests.csproj", "{00F99BB5-CC5A-439D-B4C7-F072E351FFED}"
EndProject
Project("{FAE04EC0-301F-11D3-BF4B-00C04F79EFBC}") = "Discount.gRPC", "Services\Discount.gRPC\Discount.gRPC.csproj", "{AFB3FC58-6F78-473A-AEE7-F8223420E93A}"
EndProject
Project("{FAE04EC0-301F-11D3-BF4B-00C04F79EFBC}") = "Ordering.API", "Services\Ordering.API\Ordering.API.csproj", "{94FC3932-82F8-410A-9C80-3A574E9F2044}"
EndProject
Project("{2150E333-8FDC-42A3-9474-1A3956D46DE8}") = "Basket", "Basket", "{45EB8D72-B7F9-4EBE-B3CF-3510C174D0A9}"
EndProject
Project("{2150E333-8FDC-42A3-9474-1A3956D46DE8}") = "Catalog", "Catalog", "{3AE549F7-FCA5-4AA3-97D1-4CE76889C012}"
EndProject
Project("{2150E333-8FDC-42A3-9474-1A3956D46DE8}") = "Discount", "Discount", "{8A54F8A5-FED7-4EED-A452-756C23535624}"
EndProject
Project("{2150E333-8FDC-42A3-9474-1A3956D46DE8}") = "Ordering", "Ordering", "{EA95EC03-EE4C-4441-BA11-93879CC1DC33}"
EndProject
Project("{FAE04EC0-301F-11D3-BF4B-00C04F79EFBC}") = "Ordering.Domain", "Services\Ordering.Domain\Ordering.Domain.csproj", "{F01A3C0E-B3B1-45F0-B9D3-3B588C5E0D2F}"
EndProject
Project("{FAE04EC0-301F-11D3-BF4B-00C04F79EFBC}") = "Ordering.Application", "Services\Ordering.Application\Ordering.Application.csproj", "{F1B96024-ACE4-4F4A-9A1B-759EE35D5F70}"
EndProject
Project("{2150E333-8FDC-42A3-9474-1A3956D46DE8}") = "Core", "Core", "{C8D4BE2F-35BC-4537-84B0-458C57286564}"
EndProject
Project("{FAE04EC0-301F-11D3-BF4B-00C04F79EFBC}") = "Ordering.Infrastructure", "Services\Ordering.Infrastructure\Ordering.Infrastructure.csproj", "{FC18E159-4D52-468C-A11A-B19DFB412613}"
EndProject
Project("{2150E333-8FDC-42A3-9474-1A3956D46DE8}") = "Server", "Server", "{77A3D7E8-789D-410A-BA0F-EBDA09294C2F}"
EndProject
Project("{2150E333-8FDC-42A3-9474-1A3956D46DE8}") = "Infrastructure", "Infrastructure", "{5307D7A6-0A7F-4393-8245-B783C4C82D18}"
EndProject
Project("{2150E333-8FDC-42A3-9474-1A3956D46DE8}") = "BuildingBlocks", "BuildingBlocks", "{51790C2A-4A24-4095-BF9C-65547517AD5B}"
EndProject
Project("{FAE04EC0-301F-11D3-BF4B-00C04F79EFBC}") = "EventBus.Messages", "BuildingBlocks\EventBus.Messages\EventBus.Messages.csproj", "{A4C9FD07-0B9F-47B1-B195-44E0D59028FF}"
EndProject
Global
	GlobalSection(SolutionConfigurationPlatforms) = preSolution
		Debug|Any CPU = Debug|Any CPU
		Release|Any CPU = Release|Any CPU
	EndGlobalSection
	GlobalSection(ProjectConfigurationPlatforms) = postSolution
		{A0F1EBB5-FC88-4F68-8DEF-B4027FA593ED}.Debug|Any CPU.ActiveCfg = Debug|Any CPU
		{A0F1EBB5-FC88-4F68-8DEF-B4027FA593ED}.Debug|Any CPU.Build.0 = Debug|Any CPU
		{A0F1EBB5-FC88-4F68-8DEF-B4027FA593ED}.Release|Any CPU.ActiveCfg = Release|Any CPU
		{A0F1EBB5-FC88-4F68-8DEF-B4027FA593ED}.Release|Any CPU.Build.0 = Release|Any CPU
		{95107B71-0528-4C05-8C9D-B9C18D07A3E8}.Debug|Any CPU.ActiveCfg = Debug|Any CPU
		{95107B71-0528-4C05-8C9D-B9C18D07A3E8}.Debug|Any CPU.Build.0 = Debug|Any CPU
		{95107B71-0528-4C05-8C9D-B9C18D07A3E8}.Release|Any CPU.ActiveCfg = Release|Any CPU
		{95107B71-0528-4C05-8C9D-B9C18D07A3E8}.Release|Any CPU.Build.0 = Release|Any CPU
		{777AD5EA-EA71-4711-8E6C-A1C91F9EC0A9}.Debug|Any CPU.ActiveCfg = Debug|Any CPU
		{777AD5EA-EA71-4711-8E6C-A1C91F9EC0A9}.Debug|Any CPU.Build.0 = Debug|Any CPU
		{777AD5EA-EA71-4711-8E6C-A1C91F9EC0A9}.Release|Any CPU.ActiveCfg = Release|Any CPU
		{777AD5EA-EA71-4711-8E6C-A1C91F9EC0A9}.Release|Any CPU.Build.0 = Release|Any CPU
		{1A41E3A1-4500-4254-8E2B-493D53FBA85C}.Debug|Any CPU.ActiveCfg = Debug|Any CPU
		{1A41E3A1-4500-4254-8E2B-493D53FBA85C}.Debug|Any CPU.Build.0 = Debug|Any CPU
		{1A41E3A1-4500-4254-8E2B-493D53FBA85C}.Release|Any CPU.ActiveCfg = Release|Any CPU
		{1A41E3A1-4500-4254-8E2B-493D53FBA85C}.Release|Any CPU.Build.0 = Release|Any CPU
		{A379E093-3A83-474E-B1AD-9E5E301B6876}.Debug|Any CPU.ActiveCfg = Debug|Any CPU
		{A379E093-3A83-474E-B1AD-9E5E301B6876}.Debug|Any CPU.Build.0 = Debug|Any CPU
		{A379E093-3A83-474E-B1AD-9E5E301B6876}.Release|Any CPU.ActiveCfg = Release|Any CPU
		{A379E093-3A83-474E-B1AD-9E5E301B6876}.Release|Any CPU.Build.0 = Release|Any CPU
		{3FFCB060-AFA1-42CE-9B87-EA93EAAAD486}.Debug|Any CPU.ActiveCfg = Debug|Any CPU
		{3FFCB060-AFA1-42CE-9B87-EA93EAAAD486}.Debug|Any CPU.Build.0 = Debug|Any CPU
		{3FFCB060-AFA1-42CE-9B87-EA93EAAAD486}.Release|Any CPU.ActiveCfg = Release|Any CPU
		{3FFCB060-AFA1-42CE-9B87-EA93EAAAD486}.Release|Any CPU.Build.0 = Release|Any CPU
		{DF1C4584-653A-4037-B27D-E71BD0E96491}.Debug|Any CPU.ActiveCfg = Debug|Any CPU
		{DF1C4584-653A-4037-B27D-E71BD0E96491}.Debug|Any CPU.Build.0 = Debug|Any CPU
		{DF1C4584-653A-4037-B27D-E71BD0E96491}.Release|Any CPU.ActiveCfg = Release|Any CPU
		{DF1C4584-653A-4037-B27D-E71BD0E96491}.Release|Any CPU.Build.0 = Release|Any CPU
		{00F99BB5-CC5A-439D-B4C7-F072E351FFED}.Debug|Any CPU.ActiveCfg = Debug|Any CPU
		{00F99BB5-CC5A-439D-B4C7-F072E351FFED}.Debug|Any CPU.Build.0 = Debug|Any CPU
		{00F99BB5-CC5A-439D-B4C7-F072E351FFED}.Release|Any CPU.ActiveCfg = Release|Any CPU
		{00F99BB5-CC5A-439D-B4C7-F072E351FFED}.Release|Any CPU.Build.0 = Release|Any CPU
		{AFB3FC58-6F78-473A-AEE7-F8223420E93A}.Debug|Any CPU.ActiveCfg = Debug|Any CPU
		{AFB3FC58-6F78-473A-AEE7-F8223420E93A}.Debug|Any CPU.Build.0 = Debug|Any CPU
		{AFB3FC58-6F78-473A-AEE7-F8223420E93A}.Release|Any CPU.ActiveCfg = Release|Any CPU
		{AFB3FC58-6F78-473A-AEE7-F8223420E93A}.Release|Any CPU.Build.0 = Release|Any CPU
		{94FC3932-82F8-410A-9C80-3A574E9F2044}.Debug|Any CPU.ActiveCfg = Debug|Any CPU
		{94FC3932-82F8-410A-9C80-3A574E9F2044}.Debug|Any CPU.Build.0 = Debug|Any CPU
		{94FC3932-82F8-410A-9C80-3A574E9F2044}.Release|Any CPU.ActiveCfg = Release|Any CPU
		{94FC3932-82F8-410A-9C80-3A574E9F2044}.Release|Any CPU.Build.0 = Release|Any CPU
		{F01A3C0E-B3B1-45F0-B9D3-3B588C5E0D2F}.Debug|Any CPU.ActiveCfg = Debug|Any CPU
		{F01A3C0E-B3B1-45F0-B9D3-3B588C5E0D2F}.Debug|Any CPU.Build.0 = Debug|Any CPU
		{F01A3C0E-B3B1-45F0-B9D3-3B588C5E0D2F}.Release|Any CPU.ActiveCfg = Release|Any CPU
		{F01A3C0E-B3B1-45F0-B9D3-3B588C5E0D2F}.Release|Any CPU.Build.0 = Release|Any CPU
		{F1B96024-ACE4-4F4A-9A1B-759EE35D5F70}.Debug|Any CPU.ActiveCfg = Debug|Any CPU
		{F1B96024-ACE4-4F4A-9A1B-759EE35D5F70}.Debug|Any CPU.Build.0 = Debug|Any CPU
		{F1B96024-ACE4-4F4A-9A1B-759EE35D5F70}.Release|Any CPU.ActiveCfg = Release|Any CPU
		{F1B96024-ACE4-4F4A-9A1B-759EE35D5F70}.Release|Any CPU.Build.0 = Release|Any CPU
		{FC18E159-4D52-468C-A11A-B19DFB412613}.Debug|Any CPU.ActiveCfg = Debug|Any CPU
		{FC18E159-4D52-468C-A11A-B19DFB412613}.Debug|Any CPU.Build.0 = Debug|Any CPU
		{FC18E159-4D52-468C-A11A-B19DFB412613}.Release|Any CPU.ActiveCfg = Release|Any CPU
		{FC18E159-4D52-468C-A11A-B19DFB412613}.Release|Any CPU.Build.0 = Release|Any CPU
		{A4C9FD07-0B9F-47B1-B195-44E0D59028FF}.Debug|Any CPU.ActiveCfg = Debug|Any CPU
		{A4C9FD07-0B9F-47B1-B195-44E0D59028FF}.Debug|Any CPU.Build.0 = Debug|Any CPU
		{A4C9FD07-0B9F-47B1-B195-44E0D59028FF}.Release|Any CPU.ActiveCfg = Release|Any CPU
		{A4C9FD07-0B9F-47B1-B195-44E0D59028FF}.Release|Any CPU.Build.0 = Release|Any CPU
	EndGlobalSection
	GlobalSection(SolutionProperties) = preSolution
		HideSolutionNode = FALSE
	EndGlobalSection
	GlobalSection(NestedProjects) = preSolution
		{4ECD1186-2CAB-4A4A-947D-53CD5BA0BFE7} = {2E92593F-9D37-4FDA-8FE7-31FE161C4739}
		{95107B71-0528-4C05-8C9D-B9C18D07A3E8} = {4ECD1186-2CAB-4A4A-947D-53CD5BA0BFE7}
		{D7088261-2EDE-461A-ABBE-B60B8F6D8F16} = {2E92593F-9D37-4FDA-8FE7-31FE161C4739}
		{A379E093-3A83-474E-B1AD-9E5E301B6876} = {D7088261-2EDE-461A-ABBE-B60B8F6D8F16}
		{C05EE5BA-27B6-414E-A2F5-C87B48DBF719} = {2E92593F-9D37-4FDA-8FE7-31FE161C4739}
		{DF1C4584-653A-4037-B27D-E71BD0E96491} = {C05EE5BA-27B6-414E-A2F5-C87B48DBF719}
		{00F99BB5-CC5A-439D-B4C7-F072E351FFED} = {2E92593F-9D37-4FDA-8FE7-31FE161C4739}
		{45EB8D72-B7F9-4EBE-B3CF-3510C174D0A9} = {3E6D2276-9A83-4442-B80A-9DA98C069DCB}
		{1A41E3A1-4500-4254-8E2B-493D53FBA85C} = {45EB8D72-B7F9-4EBE-B3CF-3510C174D0A9}
		{3AE549F7-FCA5-4AA3-97D1-4CE76889C012} = {3E6D2276-9A83-4442-B80A-9DA98C069DCB}
		{8A54F8A5-FED7-4EED-A452-756C23535624} = {3E6D2276-9A83-4442-B80A-9DA98C069DCB}
		{777AD5EA-EA71-4711-8E6C-A1C91F9EC0A9} = {3AE549F7-FCA5-4AA3-97D1-4CE76889C012}
		{3FFCB060-AFA1-42CE-9B87-EA93EAAAD486} = {8A54F8A5-FED7-4EED-A452-756C23535624}
		{AFB3FC58-6F78-473A-AEE7-F8223420E93A} = {8A54F8A5-FED7-4EED-A452-756C23535624}
		{EA95EC03-EE4C-4441-BA11-93879CC1DC33} = {3E6D2276-9A83-4442-B80A-9DA98C069DCB}
		{C8D4BE2F-35BC-4537-84B0-458C57286564} = {EA95EC03-EE4C-4441-BA11-93879CC1DC33}
		{F1B96024-ACE4-4F4A-9A1B-759EE35D5F70} = {C8D4BE2F-35BC-4537-84B0-458C57286564}
		{F01A3C0E-B3B1-45F0-B9D3-3B588C5E0D2F} = {C8D4BE2F-35BC-4537-84B0-458C57286564}
		{77A3D7E8-789D-410A-BA0F-EBDA09294C2F} = {EA95EC03-EE4C-4441-BA11-93879CC1DC33}
		{94FC3932-82F8-410A-9C80-3A574E9F2044} = {77A3D7E8-789D-410A-BA0F-EBDA09294C2F}
		{5307D7A6-0A7F-4393-8245-B783C4C82D18} = {EA95EC03-EE4C-4441-BA11-93879CC1DC33}
		{FC18E159-4D52-468C-A11A-B19DFB412613} = {5307D7A6-0A7F-4393-8245-B783C4C82D18}
		{A4C9FD07-0B9F-47B1-B195-44E0D59028FF} = {51790C2A-4A24-4095-BF9C-65547517AD5B}
	EndGlobalSection
	GlobalSection(ExtensibilityGlobals) = postSolution
		SolutionGuid = {B211FAB8-8648-47BD-9AE3-E2362F620372}
	EndGlobalSection
EndGlobal
